Microsoft Visual Studio Solution File, Format Version 12.00
# Visual Studio 14
VisualStudioVersion = 14.0.25420.1
MinimumVisualStudioVersion = 10.0.40219.1
Project("{FAE04EC0-301F-11D3-BF4B-00C04F79EFBC}") = "LCMRTMAConnector", "LCMRTMAConnector\LCMRTMAConnector.csproj", "{39A43B49-B778-44E2-90CC-B77BDB2D6058}"
EndProject
Project("{FAE04EC0-301F-11D3-BF4B-00C04F79EFBC}") = "lcm", "..\lcm-1.3.1\lcm-dotnet\lcm\lcm.csproj", "{1A945928-4DDA-465B-949B-7A867860EDCF}"
EndProject
Project("{FAE04EC0-301F-11D3-BF4B-00C04F79EFBC}") = "lcm-server", "..\lcm-1.3.1\lcm-dotnet\lcm-server\lcm-server.csproj", "{F64DA725-64FE-4C9A-B126-7B582DF503EE}"
EndProject
Project("{FAE04EC0-301F-11D3-BF4B-00C04F79EFBC}") = "RMTAConsumer", "..\rtmalcmconnector_tester\RMTAConsumer.csproj", "{40D9ED17-34A1-4801-BCE6-67D1664F4E11}"
EndProject
Project("{FAE04EC0-301F-11D3-BF4B-00C04F79EFBC}") = "RTMAProducer", "..\rtmalcmconnector_tester\RTMAProducer.csproj", "{608377E9-1CD4-428F-B59C-FBA88112213F}"
EndProject
Global
	GlobalSection(SolutionConfigurationPlatforms) = preSolution
		Debug|Any CPU = Debug|Any CPU
		Debug|x86 = Debug|x86
		Release|Any CPU = Release|Any CPU
		Release|x86 = Release|x86
	EndGlobalSection
	GlobalSection(ProjectConfigurationPlatforms) = postSolution
		{39A43B49-B778-44E2-90CC-B77BDB2D6058}.Debug|Any CPU.ActiveCfg = Debug|x86
		{39A43B49-B778-44E2-90CC-B77BDB2D6058}.Debug|x86.ActiveCfg = Debug|x86
		{39A43B49-B778-44E2-90CC-B77BDB2D6058}.Debug|x86.Build.0 = Debug|x86
		{39A43B49-B778-44E2-90CC-B77BDB2D6058}.Release|Any CPU.ActiveCfg = Release|x86
		{39A43B49-B778-44E2-90CC-B77BDB2D6058}.Release|x86.ActiveCfg = Release|x86
		{39A43B49-B778-44E2-90CC-B77BDB2D6058}.Release|x86.Build.0 = Release|x86
		{1A945928-4DDA-465B-949B-7A867860EDCF}.Debug|Any CPU.ActiveCfg = Debug|Any CPU
		{1A945928-4DDA-465B-949B-7A867860EDCF}.Debug|Any CPU.Build.0 = Debug|Any CPU
		{1A945928-4DDA-465B-949B-7A867860EDCF}.Debug|x86.ActiveCfg = Debug|Any CPU
		{1A945928-4DDA-465B-949B-7A867860EDCF}.Debug|x86.Build.0 = Debug|Any CPU
		{1A945928-4DDA-465B-949B-7A867860EDCF}.Release|Any CPU.ActiveCfg = Release|Any CPU
		{1A945928-4DDA-465B-949B-7A867860EDCF}.Release|Any CPU.Build.0 = Release|Any CPU
		{1A945928-4DDA-465B-949B-7A867860EDCF}.Release|x86.ActiveCfg = Release|Any CPU
		{1A945928-4DDA-465B-949B-7A867860EDCF}.Release|x86.Build.0 = Release|Any CPU
		{F64DA725-64FE-4C9A-B126-7B582DF503EE}.Debug|Any CPU.ActiveCfg = Debug|Any CPU
		{F64DA725-64FE-4C9A-B126-7B582DF503EE}.Debug|Any CPU.Build.0 = Debug|Any CPU
		{F64DA725-64FE-4C9A-B126-7B582DF503EE}.Debug|x86.ActiveCfg = Debug|Any CPU
		{F64DA725-64FE-4C9A-B126-7B582DF503EE}.Debug|x86.Build.0 = Debug|Any CPU
		{F64DA725-64FE-4C9A-B126-7B582DF503EE}.Release|Any CPU.ActiveCfg = Release|Any CPU
		{F64DA725-64FE-4C9A-B126-7B582DF503EE}.Release|Any CPU.Build.0 = Release|Any CPU
		{F64DA725-64FE-4C9A-B126-7B582DF503EE}.Release|x86.ActiveCfg = Release|Any CPU
		{F64DA725-64FE-4C9A-B126-7B582DF503EE}.Release|x86.Build.0 = Release|Any CPU
		{40D9ED17-34A1-4801-BCE6-67D1664F4E11}.Debug|Any CPU.ActiveCfg = Debug|Any CPU
		{40D9ED17-34A1-4801-BCE6-67D1664F4E11}.Debug|Any CPU.Build.0 = Debug|Any CPU
		{40D9ED17-34A1-4801-BCE6-67D1664F4E11}.Debug|x86.ActiveCfg = Debug|Any CPU
		{40D9ED17-34A1-4801-BCE6-67D1664F4E11}.Debug|x86.Build.0 = Debug|Any CPU
		{40D9ED17-34A1-4801-BCE6-67D1664F4E11}.Release|Any CPU.ActiveCfg = Release|Any CPU
		{40D9ED17-34A1-4801-BCE6-67D1664F4E11}.Release|Any CPU.Build.0 = Release|Any CPU
		{40D9ED17-34A1-4801-BCE6-67D1664F4E11}.Release|x86.ActiveCfg = Release|Any CPU
		{40D9ED17-34A1-4801-BCE6-67D1664F4E11}.Release|x86.Build.0 = Release|Any CPU
		{608377E9-1CD4-428F-B59C-FBA88112213F}.Debug|Any CPU.ActiveCfg = Debug|Any CPU
		{608377E9-1CD4-428F-B59C-FBA88112213F}.Debug|Any CPU.Build.0 = Debug|Any CPU
		{608377E9-1CD4-428F-B59C-FBA88112213F}.Debug|x86.ActiveCfg = Debug|Any CPU
		{608377E9-1CD4-428F-B59C-FBA88112213F}.Debug|x86.Build.0 = Debug|Any CPU
		{608377E9-1CD4-428F-B59C-FBA88112213F}.Release|Any CPU.ActiveCfg = Release|Any CPU
		{608377E9-1CD4-428F-B59C-FBA88112213F}.Release|Any CPU.Build.0 = Release|Any CPU
		{608377E9-1CD4-428F-B59C-FBA88112213F}.Release|x86.ActiveCfg = Release|Any CPU
		{608377E9-1CD4-428F-B59C-FBA88112213F}.Release|x86.Build.0 = Release|Any CPU
	EndGlobalSection
	GlobalSection(SolutionProperties) = preSolution
		HideSolutionNode = FALSE
	EndGlobalSection
EndGlobal
